{
  "name": "@ngify/http",
  "version": "1.0.2",
  "lockfileVersion": 2,
  "requires": true,
  "packages": {
    "": {
      "name": "@ngify/http",
      "version": "1.0.2",
      "license": "MIT",
      "dependencies": {
        "rxjs": "^7.0.0"
      },
      "devDependencies": {
        "@types/wechat-miniprogram": "^3.4.0"
      },
      "peerDependencies": {
        "@types/wechat-miniprogram": "^3.4.0",
        "rxjs": "^7.0.0"
      }
    },
    "node_modules/@types/wechat-miniprogram": {
      "version": "3.4.0",
      "resolved": "https://registry.npmjs.org/@types/wechat-miniprogram/-/wechat-miniprogram-3.4.0.tgz",
      "integrity": "sha512-7d7KDwoV42/ANx/0C8C4ctBv1q9XnXYD4Fz0C+3ii0Tm+HRIwwDcinv8S88Ut/Y80czlI0shGpTgLFe0GbrXWQ==",
      "dev": true
    },
    "node_modules/rxjs": {
      "version": "7.3.0",
      "resolved": "https://registry.npmjs.org/rxjs/-/rxjs-7.3.0.tgz",
      "integrity": "sha512-p2yuGIg9S1epc3vrjKf6iVb3RCaAYjYskkO+jHIaV0IjOPlJop4UnodOoFb2xeNwlguqLYvGw1b1McillYb5Gw==",
      "dependencies": {
        "tslib": "~2.1.0"
      }
    },
    "node_modules/tslib": {
      "version": "2.1.0",
      "resolved": "https://registry.npmjs.org/tslib/-/tslib-2.1.0.tgz",
      "integrity": "sha512-hcVC3wYEziELGGmEEXue7D75zbwIIVUMWAVbHItGPx0ziyXxrOMQx4rQEVEV45Ut/1IotuEvwqPopzIOkDMf0A=="
    }
  },
  "dependencies": {
    "@types/wechat-miniprogram": {
      "version": "3.4.0",
      "resolved": "https://registry.npmjs.org/@types/wechat-miniprogram/-/wechat-miniprogram-3.4.0.tgz",
      "integrity": "sha512-7d7KDwoV42/ANx/0C8C4ctBv1q9XnXYD4Fz0C+3ii0Tm+HRIwwDcinv8S88Ut/Y80czlI0shGpTgLFe0GbrXWQ==",
      "dev": true
    },
    "rxjs": {
      "version": "7.3.0",
      "resolved": "https://registry.npmjs.org/rxjs/-/rxjs-7.3.0.tgz",
      "integrity": "sha512-p2yuGIg9S1epc3vrjKf6iVb3RCaAYjYskkO+jHIaV0IjOPlJop4UnodOoFb2xeNwlguqLYvGw1b1McillYb5Gw==",
      "requires": {
        "tslib": "~2.1.0"
      }
    },
    "tslib": {
      "version": "2.1.0",
      "resolved": "https://registry.npmjs.org/tslib/-/tslib-2.1.0.tgz",
      "integrity": "sha512-hcVC3wYEziELGGmEEXue7D75zbwIIVUMWAVbHItGPx0ziyXxrOMQx4rQEVEV45Ut/1IotuEvwqPopzIOkDMf0A=="
    }
  }
}
